
Microsoft Visual Studio Solution File, Format Version 12.00
# Visual Studio 15
VisualStudioVersion = 15.0.28307.705
MinimumVisualStudioVersion = 10.0.40219.1
Project("{FAE04EC0-301F-11D3-BF4B-00C04F79EFBC}") = "HomeMadeSoftware.Laplock", "HomeMadeSoftware.Laplock\HomeMadeSoftware.Laplock.csproj", "{684435A5-B23E-4727-86C3-3D2283D0EAF9}"
EndProject
Global
	GlobalSection(SolutionConfigurationPlatforms) = preSolution
		Debug|Any CPU = Debug|Any CPU
		Release|Any CPU = Release|Any CPU
	EndGlobalSection
	GlobalSection(ProjectConfigurationPlatforms) = postSolution
		{684435A5-B23E-4727-86C3-3D2283D0EAF9}.Debug|Any CPU.ActiveCfg = Debug|Any CPU
		{684435A5-B23E-4727-86C3-3D2283D0EAF9}.Debug|Any CPU.Build.0 = Debug|Any CPU
		{684435A5-B23E-4727-86C3-3D2283D0EAF9}.Release|Any CPU.ActiveCfg = Release|Any CPU
		{684435A5-B23E-4727-86C3-3D2283D0EAF9}.Release|Any CPU.Build.0 = Release|Any CPU
	EndGlobalSection
	GlobalSection(SolutionProperties) = preSolution
		HideSolutionNode = FALSE
	EndGlobalSection
	GlobalSection(ExtensibilityGlobals) = postSolution
		SolutionGuid = {FB782700-B952-448B-9482-980A423E6597}
	EndGlobalSection
EndGlobal
